{
    "_readme": [
        "Written by standards-sync: the entries the standards declared at the last sync, so the next sync can retract any they stop declaring.",
        "Commit this file; do not edit it."
    ],
    "files": {
        "renovate.json": {
            "extends": [
                "local>acme/old-config"
            ]
        }
    }
}
