{
    "_readme": [
        "Written by standards-sync: the entries the standards declared at the last sync, so the next sync can retract any they stop declaring.",
        "Commit this file; do not edit it."
    ],
    "files": {
        "composer.json": {
            "scripts.app-checks": [
                "@app-sync-check",
                "@app-phpstan",
                "@app-run-tests"
            ]
        }
    }
}
