{
    "_readme": [
        "Written by standards-sync: the entries the standards declared at the last sync, so the next sync can retract any they stop declaring.",
        "Commit this file; do not edit it."
    ],
    "files": {
        ".github/workflows/release.yml": {
            "workflow": [
                "/name",
                "/on",
                "/on/push",
                "/on/push/tags",
                "/on/push/tags/v*",
                "/jobs",
                "/jobs/release",
                "/jobs/release/runs-on",
                "/jobs/release/runs-on/ubuntu-26.04",
                "/jobs/release/permissions",
                "/jobs/release/permissions/contents",
                "/jobs/release/steps",
                "/jobs/release/steps/checkout",
                "/jobs/release/steps/checkout/id",
                "/jobs/release/steps/checkout/uses",
                "/jobs/release/steps/release",
                "/jobs/release/steps/release/id",
                "/jobs/release/steps/release/run",
                "/jobs/release/steps/release/env",
                "/jobs/release/steps/release/env/GH_TOKEN"
            ]
        },
        ".github/workflows/standards.yml": {
            "workflow": [
                "/name",
                "/on",
                "/on/pull_request",
                "/on/push",
                "/on/push/branches",
                "/on/push/branches/main",
                "/on/push/branches/master",
                "/jobs",
                "/jobs/standards",
                "/jobs/standards/runs-on",
                "/jobs/standards/runs-on/ubuntu-26.04",
                "/jobs/standards/steps",
                "/jobs/standards/steps/checkout",
                "/jobs/standards/steps/checkout/id",
                "/jobs/standards/steps/checkout/uses",
                "/jobs/standards/steps/setup-php",
                "/jobs/standards/steps/setup-php/id",
                "/jobs/standards/steps/setup-php/uses",
                "/jobs/standards/steps/setup-php/with",
                "/jobs/standards/steps/setup-php/with/php-version",
                "/jobs/standards/steps/setup-php/with/coverage",
                "/jobs/standards/steps/install",
                "/jobs/standards/steps/install/id",
                "/jobs/standards/steps/install/uses",
                "/jobs/standards/steps/checks",
                "/jobs/standards/steps/checks/id",
                "/jobs/standards/steps/checks/run",
                "/jobs/lowest",
                "/jobs/lowest/runs-on",
                "/jobs/lowest/runs-on/ubuntu-26.04",
                "/jobs/lowest/steps",
                "/jobs/lowest/steps/checkout",
                "/jobs/lowest/steps/checkout/id",
                "/jobs/lowest/steps/checkout/uses",
                "/jobs/lowest/steps/setup-php",
                "/jobs/lowest/steps/setup-php/id",
                "/jobs/lowest/steps/setup-php/uses",
                "/jobs/lowest/steps/setup-php/with",
                "/jobs/lowest/steps/setup-php/with/php-version",
                "/jobs/lowest/steps/setup-php/with/coverage",
                "/jobs/lowest/steps/install",
                "/jobs/lowest/steps/install/id",
                "/jobs/lowest/steps/install/uses",
                "/jobs/lowest/steps/install/with",
                "/jobs/lowest/steps/install/with/dependency-versions",
                "/jobs/lowest/steps/tests",
                "/jobs/lowest/steps/tests/id",
                "/jobs/lowest/steps/tests/run"
            ]
        },
        "composer.json": {
            "scripts.app-checks": [
                "@app-sync-check",
                "@app-ecs",
                "@app-phpstan",
                "@app-psalm",
                "@app-rector",
                "@app-run-tests"
            ],
            "scripts.app-ecs": [
                "ecs check"
            ],
            "scripts.app-ecs-fix": [
                "ecs check --fix"
            ],
            "scripts.app-phpstan": [
                "phpstan analyse"
            ],
            "scripts.app-psalm": [
                "psalm"
            ],
            "scripts.app-rector": [
                "rector process --dry-run"
            ],
            "scripts.app-rector-fix": [
                "rector process"
            ],
            "scripts.app-run-tests": [
                "phpunit"
            ],
            "scripts.app-sync": [
                "standards-sync sync"
            ],
            "scripts.app-sync-check": [
                "standards-sync sync --check"
            ]
        },
        "ecs.php": {
            "withSets": [
                "__DIR__ . '/vendor/ortho-code/coding-standards/templates/package/ecs.php'"
            ]
        },
        "phpstan.neon": {
            "includes": [
                "vendor/ortho-code/coding-standards/templates/package/phpstan.neon"
            ]
        },
        "rector.php": {
            "withSets": [
                "__DIR__ . '/vendor/ortho-code/coding-standards/templates/package/rector.php'"
            ]
        },
        "renovate.json5": {
            "extends": [
                "local>ortho-code/coding-standards:renovate-package-preset"
            ]
        }
    }
}
